
Microsoft Visual Studio Solution File, Format Version 12.00
# Visual Studio Version 17
VisualStudioVersion = 17.7.33711.374
MinimumVisualStudioVersion = 10.0.40219.1
Project("{FAE04EC0-301F-11D3-BF4B-00C04F79EFBC}") = "ECommerceNet8", "ECommerceNet8\ECommerceNet8.csproj", "{CF556701-0E2A-4C67-ACC0-EF87C53055F0}"
EndProject
Global
	GlobalSection(SolutionConfigurationPlatforms) = preSolution
		Debug|Any CPU = Debug|Any CPU
		Release|Any CPU = Release|Any CPU
	EndGlobalSection
	GlobalSection(ProjectConfigurationPlatforms) = postSolution
		{CF556701-0E2A-4C67-ACC0-EF87C53055F0}.Debug|Any CPU.ActiveCfg = Debug|Any CPU
		{CF556701-0E2A-4C67-ACC0-EF87C53055F0}.Debug|Any CPU.Build.0 = Debug|Any CPU
		{CF556701-0E2A-4C67-ACC0-EF87C53055F0}.Release|Any CPU.ActiveCfg = Release|Any CPU
		{CF556701-0E2A-4C67-ACC0-EF87C53055F0}.Release|Any CPU.Build.0 = Release|Any CPU
	EndGlobalSection
	GlobalSection(SolutionProperties) = preSolution
		HideSolutionNode = FALSE
	EndGlobalSection
	GlobalSection(ExtensibilityGlobals) = postSolution
		SolutionGuid = {08BAE24E-6F80-43C0-A45D-3BA90AB51C2D}
	EndGlobalSection
EndGlobal
